// !$*UTF8*$!
{
	archiveVersion = 1;
	classes = {
	};
	objectVersion = 46;
	objects = {

/* Begin PBXBuildFile section */
		D0DC99A81948A30600D316CE /* Foundation.framework in Frameworks */ = {isa = PBXBuildFile; fileRef = D0DC99A71948A30600D316CE /* Foundation.framework */; };
		D0DC99AA1948A30600D316CE /* CoreGraphics.framework in Frameworks */ = {isa = PBXBuildFile; fileRef = D0DC99A91948A30600D316CE /* CoreGraphics.framework */; };
		D0DC99AC1948A30600D316CE /* UIKit.framework in Frameworks */ = {isa = PBXBuildFile; fileRef = D0DC99AB1948A30600D316CE /* UIKit.framework */; };
		D0DC99B21948A30600D316CE /* InfoPlist.strings in Resources */ = {isa = PBXBuildFile; fileRef = D0DC99B01948A30600D316CE /* InfoPlist.strings */; };
		D0DC99B41948A30600D316CE /* main.m in Sources */ = {isa = PBXBuildFile; fileRef = D0DC99B31948A30600D316CE /* main.m */; };
		D0DC99B81948A30600D316CE /* AppDelegate.m in Sources */ = {isa = PBXBuildFile; fileRef = D0DC99B71948A30600D316CE /* AppDelegate.m */; };
		D0DC99BB1948A30600D316CE /* Main.storyboard in Resources */ = {isa = PBXBuildFile; fileRef = D0DC99B91948A30600D316CE /* Main.storyboard */; };
		D0DC99BE1948A30600D316CE /* ViewController.m in Sources */ = {isa = PBXBuildFile; fileRef = D0DC99BD1948A30600D316CE /* ViewController.m */; };
		D0DC99C01948A30600D316CE /* Images.xcassets in Resources */ = {isa = PBXBuildFile; fileRef = D0DC99BF1948A30600D316CE /* Images.xcassets */; };
		D0DC99C71948A30600D316CE /* XCTest.framework in Frameworks */ = {isa = PBXBuildFile; fileRef = D0DC99C61948A30600D316CE /* XCTest.framework */; };
		D0DC99C81948A30600D316CE /* Foundation.framework in Frameworks */ = {isa = PBXBuildFile; fileRef = D0DC99A71948A30600D316CE /* Foundation.framework */; };
		D0DC99C91948A30600D316CE /* UIKit.framework in Frameworks */ = {isa = PBXBuildFile; fileRef = D0DC99AB1948A30600D316CE /* UIKit.framework */; };
		D0DC99D11948A30600D316CE /* InfoPlist.strings in Resources */ = {isa = PBXBuildFile; fileRef = D0DC99CF1948A30600D316CE /* InfoPlist.strings */; };
		D0DC99E11948B2FE00D316CE /* TestfulObject.m in Sources */ = {isa = PBXBuildFile; fileRef = D0DC99DD1948A33100D316CE /* TestfulObject.m */; };
		D0DC99E21948B30B00D316CE /* TestfulObject.m in Sources */ = {isa = PBXBuildFile; fileRef = D0DC99DD1948A33100D316CE /* TestfulObject.m */; };
/* End PBXBuildFile section */

/* Begin PBXContainerItemProxy section */
		D0DC99CA1948A30600D316CE /* PBXContainerItemProxy */ = {
			isa = PBXContainerItemProxy;
			containerPortal = D0DC999C1948A30600D316CE /* Project object */;
			proxyType = 1;
			remoteGlobalIDString = D0DC99A31948A30600D316CE;
			remoteInfo = GroundControl;
		};
/* End PBXContainerItemProxy section */

/* Begin PBXFileReference section */
		D0DC99A41948A30600D316CE /* GroundControl.app */ = {isa = PBXFileReference; explicitFileType = wrapper.application; includeInIndex = 0; path = GroundControl.app; sourceTree = BUILT_PRODUCTS_DIR; };
		D0DC99A71948A30600D316CE /* Foundation.framework */ = {isa = PBXFileReference; lastKnownFileType = wrapper.framework; name = Foundation.framework; path = System/Library/Frameworks/Foundation.framework; sourceTree = SDKROOT; };
		D0DC99A91948A30600D316CE /* CoreGraphics.framework */ = {isa = PBXFileReference; lastKnownFileType = wrapper.framework; name = CoreGraphics.framework; path = System/Library/Frameworks/CoreGraphics.framework; sourceTree = SDKROOT; };
		D0DC99AB1948A30600D316CE /* UIKit.framework */ = {isa = PBXFileReference; lastKnownFileType = wrapper.framework; name = UIKit.framework; path = System/Library/Frameworks/UIKit.framework; sourceTree = SDKROOT; };
		D0DC99AF1948A30600D316CE /* GroundControl-Info.plist */ = {isa = PBXFileReference; lastKnownFileType = text.plist.xml; path = "GroundControl-Info.plist"; sourceTree = "<group>"; };
		D0DC99B11948A30600D316CE /* en */ = {isa = PBXFileReference; lastKnownFileType = text.plist.strings; name = en; path = en.lproj/InfoPlist.strings; sourceTree = "<group>"; };
		D0DC99B31948A30600D316CE /* main.m */ = {isa = PBXFileReference; lastKnownFileType = sourcecode.c.objc; path = main.m; sourceTree = "<group>"; };
		D0DC99B51948A30600D316CE /* GroundControl-Prefix.pch */ = {isa = PBXFileReference; lastKnownFileType = sourcecode.c.h; path = "GroundControl-Prefix.pch"; sourceTree = "<group>"; };
		D0DC99B61948A30600D316CE /* AppDelegate.h */ = {isa = PBXFileReference; lastKnownFileType = sourcecode.c.h; path = AppDelegate.h; sourceTree = "<group>"; };
		D0DC99B71948A30600D316CE /* AppDelegate.m */ = {isa = PBXFileReference; lastKnownFileType = sourcecode.c.objc; path = AppDelegate.m; sourceTree = "<group>"; };
		D0DC99BA1948A30600D316CE /* Base */ = {isa = PBXFileReference; lastKnownFileType = file.storyboard; name = Base; path = Base.lproj/Main.storyboard; sourceTree = "<group>"; };
		D0DC99BC1948A30600D316CE /* ViewController.h */ = {isa = PBXFileReference; lastKnownFileType = sourcecode.c.h; path = ViewController.h; sourceTree = "<group>"; };
		D0DC99BD1948A30600D316CE /* ViewController.m */ = {isa = PBXFileReference; lastKnownFileType = sourcecode.c.objc; path = ViewController.m; sourceTree = "<group>"; };
		D0DC99BF1948A30600D316CE /* Images.xcassets */ = {isa = PBXFileReference; lastKnownFileType = folder.assetcatalog; path = Images.xcassets; sourceTree = "<group>"; };
		D0DC99C51948A30600D316CE /* GroundControlTests.xctest */ = {isa = PBXFileReference; explicitFileType = wrapper.cfbundle; includeInIndex = 0; path = GroundControlTests.xctest; sourceTree = BUILT_PRODUCTS_DIR; };
		D0DC99C61948A30600D316CE /* XCTest.framework */ = {isa = PBXFileReference; lastKnownFileType = wrapper.framework; name = XCTest.framework; path = Library/Frameworks/XCTest.framework; sourceTree = DEVELOPER_DIR; };
		D0DC99CE1948A30600D316CE /* GroundControlTests-Info.plist */ = {isa = PBXFileReference; lastKnownFileType = text.plist.xml; path = "GroundControlTests-Info.plist"; sourceTree = "<group>"; };
		D0DC99D01948A30600D316CE /* en */ = {isa = PBXFileReference; lastKnownFileType = text.plist.strings; name = en; path = en.lproj/InfoPlist.strings; sourceTree = "<group>"; };
		D0DC99D21948A30600D316CE /* GroundControlTests.m */ = {isa = PBXFileReference; lastKnownFileType = sourcecode.c.objc; path = GroundControlTests.m; sourceTree = "<group>"; };
		D0DC99DC1948A33100D316CE /* TestfulObject.h */ = {isa = PBXFileReference; fileEncoding = 4; lastKnownFileType = sourcecode.c.h; name = TestfulObject.h; path = ../TestfulObject.h; sourceTree = "<group>"; };
		D0DC99DD1948A33100D316CE /* TestfulObject.m */ = {isa = PBXFileReference; fileEncoding = 4; lastKnownFileType = sourcecode.c.objc; name = TestfulObject.m; path = ../TestfulObject.m; sourceTree = "<group>"; };
/* End PBXFileReference section */

/* Begin PBXFrameworksBuildPhase section */
		D0DC99A11948A30600D316CE /* Frameworks */ = {
			isa = PBXFrameworksBuildPhase;
			buildActionMask = 2147483647;
			files = (
				D0DC99AA1948A30600D316CE /* CoreGraphics.framework in Frameworks */,
				D0DC99AC1948A30600D316CE /* UIKit.framework in Frameworks */,
				D0DC99A81948A30600D316CE /* Foundation.framework in Frameworks */,
			);
			runOnlyForDeploymentPostprocessing = 0;
		};
		D0DC99C21948A30600D316CE /* Frameworks */ = {
			isa = PBXFrameworksBuildPhase;
			buildActionMask = 2147483647;
			files = (
				D0DC99C71948A30600D316CE /* XCTest.framework in Frameworks */,
				D0DC99C91948A30600D316CE /* UIKit.framework in Frameworks */,
				D0DC99C81948A30600D316CE /* Foundation.framework in Frameworks */,
			);
			runOnlyForDeploymentPostprocessing = 0;
		};
/* End PBXFrameworksBuildPhase section */

/* Begin PBXGroup section */
		D0DC999B1948A30600D316CE = {
			isa = PBXGroup;
			children = (
				D0DC99AD1948A30600D316CE /* GroundControl */,
				D0DC99CC1948A30600D316CE /* GroundControlTests */,
				D0DC99A61948A30600D316CE /* Frameworks */,
				D0DC99A51948A30600D316CE /* Products */,
			);
			sourceTree = "<group>";
		};
		D0DC99A51948A30600D316CE /* Products */ = {
			isa = PBXGroup;
			children = (
				D0DC99A41948A30600D316CE /* GroundControl.app */,
				D0DC99C51948A30600D316CE /* GroundControlTests.xctest */,
			);
			name = Products;
			sourceTree = "<group>";
		};
		D0DC99A61948A30600D316CE /* Frameworks */ = {
			isa = PBXGroup;
			children = (
				D0DC99A71948A30600D316CE /* Foundation.framework */,
				D0DC99A91948A30600D316CE /* CoreGraphics.framework */,
				D0DC99AB1948A30600D316CE /* UIKit.framework */,
				D0DC99C61948A30600D316CE /* XCTest.framework */,
			);
			name = Frameworks;
			sourceTree = "<group>";
		};
		D0DC99AD1948A30600D316CE /* GroundControl */ = {
			isa = PBXGroup;
			children = (
				D0DC99B61948A30600D316CE /* AppDelegate.h */,
				D0DC99B71948A30600D316CE /* AppDelegate.m */,
				D0DC99B91948A30600D316CE /* Main.storyboard */,
				D0DC99BC1948A30600D316CE /* ViewController.h */,
				D0DC99BD1948A30600D316CE /* ViewController.m */,
				D0DC99BF1948A30600D316CE /* Images.xcassets */,
				D0DC99AE1948A30600D316CE /* Supporting Files */,
			);
			path = GroundControl;
			sourceTree = "<group>";
		};
		D0DC99AE1948A30600D316CE /* Supporting Files */ = {
			isa = PBXGroup;
			children = (
				D0DC99AF1948A30600D316CE /* GroundControl-Info.plist */,
				D0DC99B01948A30600D316CE /* InfoPlist.strings */,
				D0DC99B31948A30600D316CE /* main.m */,
				D0DC99B51948A30600D316CE /* GroundControl-Prefix.pch */,
			);
			name = "Supporting Files";
			sourceTree = "<group>";
		};
		D0DC99CC1948A30600D316CE /* GroundControlTests */ = {
			isa = PBXGroup;
			children = (
				D0DC99D21948A30600D316CE /* GroundControlTests.m */,
				D0DC99DC1948A33100D316CE /* TestfulObject.h */,
				D0DC99DD1948A33100D316CE /* TestfulObject.m */,
				D0DC99CD1948A30600D316CE /* Supporting Files */,
			);
			path = GroundControlTests;
			sourceTree = "<group>";
		};
		D0DC99CD1948A30600D316CE /* Supporting Files */ = {
			isa = PBXGroup;
			children = (
				D0DC99CE1948A30600D316CE /* GroundControlTests-Info.plist */,
				D0DC99CF1948A30600D316CE /* InfoPlist.strings */,
			);
			name = "Supporting Files";
			sourceTree = "<group>";
		};
/* End PBXGroup section */

/* Begin PBXNativeTarget section */
		D0DC99A31948A30600D316CE /* GroundControl */ = {
			isa = PBXNativeTarget;
			buildConfigurationList = D0DC99D61948A30600D316CE /* Build configuration list for PBXNativeTarget "GroundControl" */;
			buildPhases = (
				D0DC99A01948A30600D316CE /* Sources */,
				D0DC99A11948A30600D316CE /* Frameworks */,
				D0DC99A21948A30600D316CE /* Resources */,
			);
			buildRules = (
			);
			dependencies = (
			);
			name = GroundControl;
			productName = GroundControl;
			productReference = D0DC99A41948A30600D316CE /* GroundControl.app */;
			productType = "com.apple.product-type.application";
		};
		D0DC99C41948A30600D316CE /* GroundControlTests */ = {
			isa = PBXNativeTarget;
			buildConfigurationList = D0DC99D91948A30600D316CE /* Build configuration list for PBXNativeTarget "GroundControlTests" */;
			buildPhases = (
				D0DC99C11948A30600D316CE /* Sources */,
				D0DC99C21948A30600D316CE /* Frameworks */,
				D0DC99C31948A30600D316CE /* Resources */,
			);
			buildRules = (
			);
			dependencies = (
				D0DC99CB1948A30600D316CE /* PBXTargetDependency */,
			);
			name = GroundControlTests;
			productName = GroundControlTests;
			productReference = D0DC99C51948A30600D316CE /* GroundControlTests.xctest */;
			productType = "com.apple.product-type.bundle.unit-test";
		};
/* End PBXNativeTarget section */

/* Begin PBXProject section */
		D0DC999C1948A30600D316CE /* Project object */ = {
			isa = PBXProject;
			attributes = {
				LastUpgradeCheck = 0510;
				ORGANIZATIONNAME = "Ryan Tiltz";
				TargetAttributes = {
					D0DC99C41948A30600D316CE = {
						TestTargetID = D0DC99A31948A30600D316CE;
					};
				};
			};
			buildConfigurationList = D0DC999F1948A30600D316CE /* Build configuration list for PBXProject "GroundControl" */;
			compatibilityVersion = "Xcode 3.2";
			developmentRegion = English;
			hasScannedForEncodings = 0;
			knownRegions = (
				en,
				Base,
			);
			mainGroup = D0DC999B1948A30600D316CE;
			productRefGroup = D0DC99A51948A30600D316CE /* Products */;
			projectDirPath = "";
			projectRoot = "";
			targets = (
				D0DC99A31948A30600D316CE /* GroundControl */,
				D0DC99C41948A30600D316CE /* GroundControlTests */,
			);
		};
/* End PBXProject section */

/* Begin PBXResourcesBuildPhase section */
		D0DC99A21948A30600D316CE /* Resources */ = {
			isa = PBXResourcesBuildPhase;
			buildActionMask = 2147483647;
			files = (
				D0DC99C01948A30600D316CE /* Images.xcassets in Resources */,
				D0DC99B21948A30600D316CE /* InfoPlist.strings in Resources */,
				D0DC99BB1948A30600D316CE /* Main.storyboard in Resources */,
			);
			runOnlyForDeploymentPostprocessing = 0;
		};
		D0DC99C31948A30600D316CE /* Resources */ = {
			isa = PBXResourcesBuildPhase;
			buildActionMask = 2147483647;
			files = (
				D0DC99D11948A30600D316CE /* InfoPlist.strings in Resources */,
			);
			runOnlyForDeploymentPostprocessing = 0;
		};
/* End PBXResourcesBuildPhase section */

/* Begin PBXSourcesBuildPhase section */
		D0DC99A01948A30600D316CE /* Sources */ = {
			isa = PBXSourcesBuildPhase;
			buildActionMask = 2147483647;
			files = (
				D0DC99BE1948A30600D316CE /* ViewController.m in Sources */,
				D0DC99B81948A30600D316CE /* AppDelegate.m in Sources */,
				D0DC99E21948B30B00D316CE /* TestfulObject.m in Sources */,
				D0DC99B41948A30600D316CE /* main.m in Sources */,
			);
			runOnlyForDeploymentPostprocessing = 0;
		};
		D0DC99C11948A30600D316CE /* Sources */ = {
			isa = PBXSourcesBuildPhase;
			buildActionMask = 2147483647;
			files = (
				D0DC99E11948B2FE00D316CE /* TestfulObject.m in Sources */,
			);
			runOnlyForDeploymentPostprocessing = 0;
		};
/* End PBXSourcesBuildPhase section */

/* Begin PBXTargetDependency section */
		D0DC99CB1948A30600D316CE /* PBXTargetDependency */ = {
			isa = PBXTargetDependency;
			target = D0DC99A31948A30600D316CE /* GroundControl */;
			targetProxy = D0DC99CA1948A30600D316CE /* PBXContainerItemProxy */;
		};
/* End PBXTargetDependency section */

/* Begin PBXVariantGroup section */
		D0DC99B01948A30600D316CE /* InfoPlist.strings */ = {
			isa = PBXVariantGroup;
			children = (
				D0DC99B11948A30600D316CE /* en */,
			);
			name = InfoPlist.strings;
			sourceTree = "<group>";
		};
		D0DC99B91948A30600D316CE /* Main.storyboard */ = {
			isa = PBXVariantGroup;
			children = (
				D0DC99BA1948A30600D316CE /* Base */,
			);
			name = Main.storyboard;
			sourceTree = "<group>";
		};
		D0DC99CF1948A30600D316CE /* InfoPlist.strings */ = {
			isa = PBXVariantGroup;
			children = (
				D0DC99D01948A30600D316CE /* en */,
			);
			name = InfoPlist.strings;
			sourceTree = "<group>";
		};
/* End PBXVariantGroup section */

/* Begin XCBuildConfiguration section */
		D0DC99D41948A30600D316CE /* Debug */ = {
			isa = XCBuildConfiguration;
			buildSettings = {
				ALWAYS_SEARCH_USER_PATHS = NO;
				CLANG_CXX_LANGUAGE_STANDARD = "gnu++0x";
				CLANG_CXX_LIBRARY = "libc++";
				CLANG_ENABLE_MODULES = YES;
				CLANG_ENABLE_OBJC_ARC = YES;
				CLANG_WARN_BOOL_CONVERSION = YES;
				CLANG_WARN_CONSTANT_CONVERSION = YES;
				CLANG_WARN_DIRECT_OBJC_ISA_USAGE = YES_ERROR;
				CLANG_WARN_EMPTY_BODY = YES;
				CLANG_WARN_ENUM_CONVERSION = YES;
				CLANG_WARN_INT_CONVERSION = YES;
				CLANG_WARN_OBJC_ROOT_CLASS = YES_ERROR;
				CLANG_WARN__DUPLICATE_METHOD_MATCH = YES;
				"CODE_SIGN_IDENTITY[sdk=iphoneos*]" = "iPhone Developer";
				COPY_PHASE_STRIP = NO;
				GCC_C_LANGUAGE_STANDARD = gnu99;
				GCC_DYNAMIC_NO_PIC = NO;
				GCC_OPTIMIZATION_LEVEL = 0;
				GCC_PREPROCESSOR_DEFINITIONS = (
					"DEBUG=1",
					"$(inherited)",
				);
				GCC_SYMBOLS_PRIVATE_EXTERN = NO;
				GCC_WARN_64_TO_32_BIT_CONVERSION = YES;
				GCC_WARN_ABOUT_RETURN_TYPE = YES_ERROR;
				GCC_WARN_UNDECLARED_SELECTOR = YES;
				GCC_WARN_UNINITIALIZED_AUTOS = YES_AGGRESSIVE;
				GCC_WARN_UNUSED_FUNCTION = YES;
				GCC_WARN_UNUSED_VARIABLE = YES;
				IPHONEOS_DEPLOYMENT_TARGET = 7.1;
				ONLY_ACTIVE_ARCH = YES;
				SDKROOT = iphoneos;
			};
			name = Debug;
		};
		D0DC99D51948A30600D316CE /* Release */ = {
			isa = XCBuildConfiguration;
			buildSettings = {
				ALWAYS_SEARCH_USER_PATHS = NO;
				CLANG_CXX_LANGUAGE_STANDARD = "gnu++0x";
				CLANG_CXX_LIBRARY = "libc++";
				CLANG_ENABLE_MODULES = YES;
				CLANG_ENABLE_OBJC_ARC = YES;
				CLANG_WARN_BOOL_CONVERSION = YES;
				CLANG_WARN_CONSTANT_CONVERSION = YES;
				CLANG_WARN_DIRECT_OBJC_ISA_USAGE = YES_ERROR;
				CLANG_WARN_EMPTY_BODY = YES;
				CLANG_WARN_ENUM_CONVERSION = YES;
				CLANG_WARN_INT_CONVERSION = YES;
				CLANG_WARN_OBJC_ROOT_CLASS = YES_ERROR;
				CLANG_WARN__DUPLICATE_METHOD_MATCH = YES;
				"CODE_SIGN_IDENTITY[sdk=iphoneos*]" = "iPhone Developer";
				COPY_PHASE_STRIP = YES;
				ENABLE_NS_ASSERTIONS = NO;
				GCC_C_LANGUAGE_STANDARD = gnu99;
				GCC_WARN_64_TO_32_BIT_CONVERSION = YES;
				GCC_WARN_ABOUT_RETURN_TYPE = YES_ERROR;
				GCC_WARN_UNDECLARED_SELECTOR = YES;
				GCC_WARN_UNINITIALIZED_AUTOS = YES_AGGRESSIVE;
				GCC_WARN_UNUSED_FUNCTION = YES;
				GCC_WARN_UNUSED_VARIABLE = YES;
				IPHONEOS_DEPLOYMENT_TARGET = 7.1;
				SDKROOT = iphoneos;
				VALIDATE_PRODUCT = YES;
			};
			name = Release;
		};
		D0DC99D71948A30600D316CE /* Debug */ = {
			isa = XCBuildConfiguration;
			buildSettings = {
				ASSETCATALOG_COMPILER_APPICON_NAME = AppIcon;
				ASSETCATALOG_COMPILER_LAUNCHIMAGE_NAME = LaunchImage;
				GCC_PRECOMPILE_PREFIX_HEADER = YES;
				GCC_PREFIX_HEADER = "GroundControl/GroundControl-Prefix.pch";
				INFOPLIST_FILE = "GroundControl/GroundControl-Info.plist";
				PRODUCT_NAME = "$(TARGET_NAME)";
				WRAPPER_EXTENSION = app;
			};
			name = Debug;
		};
		D0DC99D81948A30600D316CE /* Release */ = {
			isa = XCBuildConfiguration;
			buildSettings = {
				ASSETCATALOG_COMPILER_APPICON_NAME = AppIcon;
				ASSETCATALOG_COMPILER_LAUNCHIMAGE_NAME = LaunchImage;
				GCC_PRECOMPILE_PREFIX_HEADER = YES;
				GCC_PREFIX_HEADER = "GroundControl/GroundControl-Prefix.pch";
				INFOPLIST_FILE = "GroundControl/GroundControl-Info.plist";
				PRODUCT_NAME = "$(TARGET_NAME)";
				WRAPPER_EXTENSION = app;
			};
			name = Release;
		};
		D0DC99DA1948A30600D316CE /* Debug */ = {
			isa = XCBuildConfiguration;
			buildSettings = {
				BUNDLE_LOADER = "$(BUILT_PRODUCTS_DIR)/GroundControl.app/GroundControl";
				FRAMEWORK_SEARCH_PATHS = (
					"$(SDKROOT)/Developer/Library/Frameworks",
					"$(inherited)",
					"$(DEVELOPER_FRAMEWORKS_DIR)",
				);
				GCC_PRECOMPILE_PREFIX_HEADER = YES;
				GCC_PREFIX_HEADER = "GroundControl/GroundControl-Prefix.pch";
				GCC_PREPROCESSOR_DEFINITIONS = (
					"DEBUG=1",
					"$(inherited)",
				);
				INFOPLIST_FILE = "GroundControlTests/GroundControlTests-Info.plist";
				PRODUCT_NAME = "$(TARGET_NAME)";
				TEST_HOST = "$(BUNDLE_LOADER)";
				WRAPPER_EXTENSION = xctest;
			};
			name = Debug;
		};
		D0DC99DB1948A30600D316CE /* Release */ = {
			isa = XCBuildConfiguration;
			buildSettings = {
				BUNDLE_LOADER = "$(BUILT_PRODUCTS_DIR)/GroundControl.app/GroundControl";
				FRAMEWORK_SEARCH_PATHS = (
					"$(SDKROOT)/Developer/Library/Frameworks",
					"$(inherited)",
					"$(DEVELOPER_FRAMEWORKS_DIR)",
				);
				GCC_PRECOMPILE_PREFIX_HEADER = YES;
				GCC_PREFIX_HEADER = "GroundControl/GroundControl-Prefix.pch";
				INFOPLIST_FILE = "GroundControlTests/GroundControlTests-Info.plist";
				PRODUCT_NAME = "$(TARGET_NAME)";
				TEST_HOST = "$(BUNDLE_LOADER)";
				WRAPPER_EXTENSION = xctest;
			};
			name = Release;
		};
/* End XCBuildConfiguration section */

/* Begin XCConfigurationList section */
		D0DC999F1948A30600D316CE /* Build configuration list for PBXProject "GroundControl" */ = {
			isa = XCConfigurationList;
			buildConfigurations = (
				D0DC99D41948A30600D316CE /* Debug */,
				D0DC99D51948A30600D316CE /* Release */,
			);
			defaultConfigurationIsVisible = 0;
			defaultConfigurationName = Release;
		};
		D0DC99D61948A30600D316CE /* Build configuration list for PBXNativeTarget "GroundControl" */ = {
			isa = XCConfigurationList;
			buildConfigurations = (
				D0DC99D71948A30600D316CE /* Debug */,
				D0DC99D81948A30600D316CE /* Release */,
			);
			defaultConfigurationIsVisible = 0;
			defaultConfigurationName = Release;
		};
		D0DC99D91948A30600D316CE /* Build configuration list for PBXNativeTarget "GroundControlTests" */ = {
			isa = XCConfigurationList;
			buildConfigurations = (
				D0DC99DA1948A30600D316CE /* Debug */,
				D0DC99DB1948A30600D316CE /* Release */,
			);
			defaultConfigurationIsVisible = 0;
			defaultConfigurationName = Release;
		};
/* End XCConfigurationList section */
	};
	rootObject = D0DC999C1948A30600D316CE /* Project object */;
}
